# SPDX-License-Identifier: (GPL-2.0-only OR BSD-2-Clause)
%YAML 1.2
---
$id: http://devicetree.org/schemas/clock/ti/ti,dra7-atl-clock.yaml#
$schema: http://devicetree.org/meta-schemas/core.yaml#

title: TI DRA7 ATL (Audio Tracking Logic) clock output

maintainers:
  - Peter Ujfalusi <peter.ujfalusi@ti.com>

properties:
  compatible:
    const: ti,dra7-atl-clock

  "#clock-cells":
    const: 0

  clocks:
    maxItems: 1

  clock-output-names:
    maxItems: 1

required:
  - compatible
  - "#clock-cells"
  - clocks

additionalProperties: false

examples:
  - |
    atl_clkin0_ck {
        compatible = "ti,dra7-atl-clock";
        #clock-cells = <0>;
        clocks = <&atl_gfclk_mux>;
    };
